{
  "requires": true,
  "lockfileVersion": 1,
  "dependencies": {
    "truffle-plugin-hello": {
      "version": "1.0.1",
      "resolved": "https://registry.npmjs.org/truffle-plugin-hello/-/truffle-plugin-hello-1.0.1.tgz",
      "integrity": "sha512-zIeMjQLhQ6pXr/RdCvW8qpI4iapTDpaLZS7BepLhjrRzBDtTrlHScUA9Ng6RglFBtQekbKEtAv664IvRLDDaRg==",
      "dev": true
    }
  }
}
